
Microsoft Visual Studio Solution File, Format Version 12.00
# Visual Studio Version 17
VisualStudioVersion = 17.4.33213.308
MinimumVisualStudioVersion = 10.0.40219.1
Project("{2150E333-8FDC-42A3-9474-1A3956D46DE8}") = "ApiGateway", "ApiGateway", "{7F6E5367-92D9-4957-9DEF-9D8085E9CE1B}"
EndProject
Project("{2150E333-8FDC-42A3-9474-1A3956D46DE8}") = "Services", "Services", "{BC189389-659F-4114-8317-C5D39A8B305C}"
EndProject
Project("{2150E333-8FDC-42A3-9474-1A3956D46DE8}") = "Authentication", "Authentication", "{79BF89A1-2542-4752-93C2-B71BB69C276E}"
EndProject
Project("{2150E333-8FDC-42A3-9474-1A3956D46DE8}") = "Rating", "Rating", "{6EF67964-D7C7-4D5D-9EDE-2381E8F9D308}"
EndProject
Project("{2150E333-8FDC-42A3-9474-1A3956D46DE8}") = "Image", "Image", "{5536A11A-64BF-4289-8418-6281CA23F5FC}"
EndProject
Project("{2150E333-8FDC-42A3-9474-1A3956D46DE8}") = "Recipe", "Recipe", "{B9FBE853-E861-4B70-B4C7-43604F71F0F9}"
EndProject
Project("{2150E333-8FDC-42A3-9474-1A3956D46DE8}") = "Favorite", "Favorite", "{75E43495-636A-4E54-B7B6-A8C7F52BD0A5}"
EndProject
Project("{2150E333-8FDC-42A3-9474-1A3956D46DE8}") = "Schedule", "Schedule", "{FEE9CE3B-36ED-4D30-B808-2382BD98199F}"
EndProject
Project("{9A19103F-16F7-4668-BE54-9A1E7A4F7556}") = "Tagam.AuthenticationApi", "Tagam.AuthenticationApi\Tagam.AuthenticationApi.csproj", "{544959DB-0149-4272-AD7C-821BF4FEE7C1}"
EndProject
Project("{9A19103F-16F7-4668-BE54-9A1E7A4F7556}") = "Tagam.FavoriteApi", "Tagam.FavoriteApi\Tagam.FavoriteApi.csproj", "{F7BDE9DC-A9E8-424B-971A-7B81982EDEE6}"
EndProject
Project("{9A19103F-16F7-4668-BE54-9A1E7A4F7556}") = "Tagam.ImageApi", "Tagam.ImageApi\Tagam.ImageApi.csproj", "{4C7F0BC7-771B-4E4A-8E2F-08B284B730C3}"
EndProject
Project("{9A19103F-16F7-4668-BE54-9A1E7A4F7556}") = "Tagam.RatingApi", "Tagam.RatingApi\Tagam.RatingApi.csproj", "{0A153FBB-1239-412B-8AD8-1A39699086B6}"
EndProject
Project("{9A19103F-16F7-4668-BE54-9A1E7A4F7556}") = "Tagam.RecipeApi", "Tagam.RecipeApi\Tagam.RecipeApi.csproj", "{E2814C09-2D32-4E16-8D13-94E6B20C4028}"
EndProject
Project("{9A19103F-16F7-4668-BE54-9A1E7A4F7556}") = "JwtAuthenticationManager", "JwtAuthenticationManager\JwtAuthenticationManager.csproj", "{E06C8D24-A1AD-4E45-8970-413286D2B8C3}"
EndProject
Project("{FAE04EC0-301F-11D3-BF4B-00C04F79EFBC}") = "ApiGateway", "ApiGateway\ApiGateway.csproj", "{5FE91CF4-44E2-4D34-9102-C18774858A79}"
EndProject
Project("{E53339B2-1760-4266-BCC7-CA923CBCF16C}") = "docker-compose", "docker-compose.dcproj", "{35C13324-83E1-4CCF-A0D2-AEFAC4B1D710}"
EndProject
Global
	GlobalSection(SolutionConfigurationPlatforms) = preSolution
		Debug|Any CPU = Debug|Any CPU
		Release|Any CPU = Release|Any CPU
	EndGlobalSection
	GlobalSection(ProjectConfigurationPlatforms) = postSolution
		{544959DB-0149-4272-AD7C-821BF4FEE7C1}.Debug|Any CPU.ActiveCfg = Debug|Any CPU
		{544959DB-0149-4272-AD7C-821BF4FEE7C1}.Debug|Any CPU.Build.0 = Debug|Any CPU
		{544959DB-0149-4272-AD7C-821BF4FEE7C1}.Release|Any CPU.ActiveCfg = Release|Any CPU
		{544959DB-0149-4272-AD7C-821BF4FEE7C1}.Release|Any CPU.Build.0 = Release|Any CPU
		{F7BDE9DC-A9E8-424B-971A-7B81982EDEE6}.Debug|Any CPU.ActiveCfg = Debug|Any CPU
		{F7BDE9DC-A9E8-424B-971A-7B81982EDEE6}.Debug|Any CPU.Build.0 = Debug|Any CPU
		{F7BDE9DC-A9E8-424B-971A-7B81982EDEE6}.Release|Any CPU.ActiveCfg = Release|Any CPU
		{F7BDE9DC-A9E8-424B-971A-7B81982EDEE6}.Release|Any CPU.Build.0 = Release|Any CPU
		{4C7F0BC7-771B-4E4A-8E2F-08B284B730C3}.Debug|Any CPU.ActiveCfg = Debug|Any CPU
		{4C7F0BC7-771B-4E4A-8E2F-08B284B730C3}.Debug|Any CPU.Build.0 = Debug|Any CPU
		{4C7F0BC7-771B-4E4A-8E2F-08B284B730C3}.Release|Any CPU.ActiveCfg = Release|Any CPU
		{4C7F0BC7-771B-4E4A-8E2F-08B284B730C3}.Release|Any CPU.Build.0 = Release|Any CPU
		{0A153FBB-1239-412B-8AD8-1A39699086B6}.Debug|Any CPU.ActiveCfg = Debug|Any CPU
		{0A153FBB-1239-412B-8AD8-1A39699086B6}.Debug|Any CPU.Build.0 = Debug|Any CPU
		{0A153FBB-1239-412B-8AD8-1A39699086B6}.Release|Any CPU.ActiveCfg = Release|Any CPU
		{0A153FBB-1239-412B-8AD8-1A39699086B6}.Release|Any CPU.Build.0 = Release|Any CPU
		{E2814C09-2D32-4E16-8D13-94E6B20C4028}.Debug|Any CPU.ActiveCfg = Debug|Any CPU
		{E2814C09-2D32-4E16-8D13-94E6B20C4028}.Debug|Any CPU.Build.0 = Debug|Any CPU
		{E2814C09-2D32-4E16-8D13-94E6B20C4028}.Release|Any CPU.ActiveCfg = Release|Any CPU
		{E2814C09-2D32-4E16-8D13-94E6B20C4028}.Release|Any CPU.Build.0 = Release|Any CPU
		{E06C8D24-A1AD-4E45-8970-413286D2B8C3}.Debug|Any CPU.ActiveCfg = Debug|Any CPU
		{E06C8D24-A1AD-4E45-8970-413286D2B8C3}.Debug|Any CPU.Build.0 = Debug|Any CPU
		{E06C8D24-A1AD-4E45-8970-413286D2B8C3}.Release|Any CPU.ActiveCfg = Release|Any CPU
		{E06C8D24-A1AD-4E45-8970-413286D2B8C3}.Release|Any CPU.Build.0 = Release|Any CPU
		{5FE91CF4-44E2-4D34-9102-C18774858A79}.Debug|Any CPU.ActiveCfg = Debug|Any CPU
		{5FE91CF4-44E2-4D34-9102-C18774858A79}.Debug|Any CPU.Build.0 = Debug|Any CPU
		{5FE91CF4-44E2-4D34-9102-C18774858A79}.Release|Any CPU.ActiveCfg = Release|Any CPU
		{5FE91CF4-44E2-4D34-9102-C18774858A79}.Release|Any CPU.Build.0 = Release|Any CPU
		{35C13324-83E1-4CCF-A0D2-AEFAC4B1D710}.Debug|Any CPU.ActiveCfg = Debug|Any CPU
		{35C13324-83E1-4CCF-A0D2-AEFAC4B1D710}.Debug|Any CPU.Build.0 = Debug|Any CPU
		{35C13324-83E1-4CCF-A0D2-AEFAC4B1D710}.Release|Any CPU.ActiveCfg = Release|Any CPU
		{35C13324-83E1-4CCF-A0D2-AEFAC4B1D710}.Release|Any CPU.Build.0 = Release|Any CPU
	EndGlobalSection
	GlobalSection(SolutionProperties) = preSolution
		HideSolutionNode = FALSE
	EndGlobalSection
	GlobalSection(NestedProjects) = preSolution
		{79BF89A1-2542-4752-93C2-B71BB69C276E} = {BC189389-659F-4114-8317-C5D39A8B305C}
		{6EF67964-D7C7-4D5D-9EDE-2381E8F9D308} = {BC189389-659F-4114-8317-C5D39A8B305C}
		{5536A11A-64BF-4289-8418-6281CA23F5FC} = {BC189389-659F-4114-8317-C5D39A8B305C}
		{B9FBE853-E861-4B70-B4C7-43604F71F0F9} = {BC189389-659F-4114-8317-C5D39A8B305C}
		{75E43495-636A-4E54-B7B6-A8C7F52BD0A5} = {BC189389-659F-4114-8317-C5D39A8B305C}
		{FEE9CE3B-36ED-4D30-B808-2382BD98199F} = {BC189389-659F-4114-8317-C5D39A8B305C}
		{544959DB-0149-4272-AD7C-821BF4FEE7C1} = {79BF89A1-2542-4752-93C2-B71BB69C276E}
		{F7BDE9DC-A9E8-424B-971A-7B81982EDEE6} = {75E43495-636A-4E54-B7B6-A8C7F52BD0A5}
		{4C7F0BC7-771B-4E4A-8E2F-08B284B730C3} = {5536A11A-64BF-4289-8418-6281CA23F5FC}
		{0A153FBB-1239-412B-8AD8-1A39699086B6} = {6EF67964-D7C7-4D5D-9EDE-2381E8F9D308}
		{E2814C09-2D32-4E16-8D13-94E6B20C4028} = {B9FBE853-E861-4B70-B4C7-43604F71F0F9}
		{E06C8D24-A1AD-4E45-8970-413286D2B8C3} = {79BF89A1-2542-4752-93C2-B71BB69C276E}
		{5FE91CF4-44E2-4D34-9102-C18774858A79} = {7F6E5367-92D9-4957-9DEF-9D8085E9CE1B}
	EndGlobalSection
	GlobalSection(ExtensibilityGlobals) = postSolution
		SolutionGuid = {7A440B55-546F-483E-B0AB-9042D1BA22CA}
	EndGlobalSection
EndGlobal
